# THIS IS AN AUTOGENERATED FILE. DO NOT EDIT THIS FILE DIRECTLY.
# yarn lockfile v1


autorest@^3.4.0:
  version "3.4.0"
  resolved "https://registry.yarnpkg.com/autorest/-/autorest-3.4.0.tgz#e40457cace3b5a9a19b2e087702da49e2bccbc6b"
  integrity sha512-oOqCkPlRybDADHESHdzn4iWfVQNm2RKIQu0Mp7YzrgJbEVgBqoGQTzE0AfaGw8Q4qBUZ8RztgErZ5jLAsq9kXw==
